
Microsoft Visual Studio Solution File, Format Version 12.00
# Visual Studio Version 17
VisualStudioVersion = 17.3.32929.385
MinimumVisualStudioVersion = 10.0.40219.1
Project("{FAE04EC0-301F-11D3-BF4B-00C04F79EFBC}") = "Escola", "Escola\Escola.csproj", "{462CF99F-A5C1-4628-832D-69EC7E9065C0}"
EndProject
Global
	GlobalSection(SolutionConfigurationPlatforms) = preSolution
		Debug|Any CPU = Debug|Any CPU
		Release|Any CPU = Release|Any CPU
	EndGlobalSection
	GlobalSection(ProjectConfigurationPlatforms) = postSolution
		{462CF99F-A5C1-4628-832D-69EC7E9065C0}.Debug|Any CPU.ActiveCfg = Debug|Any CPU
		{462CF99F-A5C1-4628-832D-69EC7E9065C0}.Debug|Any CPU.Build.0 = Debug|Any CPU
		{462CF99F-A5C1-4628-832D-69EC7E9065C0}.Release|Any CPU.ActiveCfg = Release|Any CPU
		{462CF99F-A5C1-4628-832D-69EC7E9065C0}.Release|Any CPU.Build.0 = Release|Any CPU
	EndGlobalSection
	GlobalSection(SolutionProperties) = preSolution
		HideSolutionNode = FALSE
	EndGlobalSection
	GlobalSection(ExtensibilityGlobals) = postSolution
		SolutionGuid = {B9B29E0A-9259-4983-93A1-4AC6DE686BD7}
	EndGlobalSection
EndGlobal
